// !$*UTF8*$!
{
	archiveVersion = 1;
	classes = {
	};
	objectVersion = 55;
	objects = {

/* Begin PBXBuildFile section */
		D4275FD4278C863700E7617F /* AppDelegate.swift in Sources */ = {isa = PBXBuildFile; fileRef = D4275FD3278C863700E7617F /* AppDelegate.swift */; };
		D4275FD6278C863700E7617F /* SceneDelegate.swift in Sources */ = {isa = PBXBuildFile; fileRef = D4275FD5278C863700E7617F /* SceneDelegate.swift */; };
		D4275FD8278C863700E7617F /* HomeViewController.swift in Sources */ = {isa = PBXBuildFile; fileRef = D4275FD7278C863700E7617F /* HomeViewController.swift */; };
		D4275FDB278C863700E7617F /* Main.storyboard in Resources */ = {isa = PBXBuildFile; fileRef = D4275FD9278C863700E7617F /* Main.storyboard */; };
		D4275FDD278C863A00E7617F /* Assets.xcassets in Resources */ = {isa = PBXBuildFile; fileRef = D4275FDC278C863A00E7617F /* Assets.xcassets */; };
		D4275FE0278C863A00E7617F /* LaunchScreen.storyboard in Resources */ = {isa = PBXBuildFile; fileRef = D4275FDE278C863A00E7617F /* LaunchScreen.storyboard */; };
		D4275FEE278C9C5500E7617F /* ExploreViewController.swift in Sources */ = {isa = PBXBuildFile; fileRef = D4275FED278C9C5500E7617F /* ExploreViewController.swift */; };
		D4275FF0278C9C7A00E7617F /* CameraViewController.swift in Sources */ = {isa = PBXBuildFile; fileRef = D4275FEF278C9C7A00E7617F /* CameraViewController.swift */; };
		D4275FF2278C9CD600E7617F /* NotificationsViewController.swift in Sources */ = {isa = PBXBuildFile; fileRef = D4275FF1278C9CD600E7617F /* NotificationsViewController.swift */; };
		D4275FF4278CD9B100E7617F /* ProfileViewController.swift in Sources */ = {isa = PBXBuildFile; fileRef = D4275FF3278CD9B100E7617F /* ProfileViewController.swift */; };
		D4275FFA278CDABA00E7617F /* LoginViewController.swift in Sources */ = {isa = PBXBuildFile; fileRef = D4275FF9278CDABA00E7617F /* LoginViewController.swift */; };
		D4275FFC2791C78000E7617F /* PostViewController.swift in Sources */ = {isa = PBXBuildFile; fileRef = D4275FFB2791C78000E7617F /* PostViewController.swift */; };
		D4275FFE2791C7AA00E7617F /* EditProfileViewController.swift in Sources */ = {isa = PBXBuildFile; fileRef = D4275FFD2791C7AA00E7617F /* EditProfileViewController.swift */; };
		D42760002791C7C300E7617F /* SettingsViewController.swift in Sources */ = {isa = PBXBuildFile; fileRef = D4275FFF2791C7C300E7617F /* SettingsViewController.swift */; };
		D42760022791C7E900E7617F /* ListViewController.swift in Sources */ = {isa = PBXBuildFile; fileRef = D42760012791C7E900E7617F /* ListViewController.swift */; };
		D42760042791C80500E7617F /* SearchViewController.swift in Sources */ = {isa = PBXBuildFile; fileRef = D42760032791C80500E7617F /* SearchViewController.swift */; };
		D42760062791C81F00E7617F /* SearchResultViewController.swift in Sources */ = {isa = PBXBuildFile; fileRef = D42760052791C81F00E7617F /* SearchResultViewController.swift */; };
		D42760082791C86D00E7617F /* PostEditorViewController.swift in Sources */ = {isa = PBXBuildFile; fileRef = D42760072791C86D00E7617F /* PostEditorViewController.swift */; };
		D427600A2791CC0400E7617F /* PublicPostViewController.swift in Sources */ = {isa = PBXBuildFile; fileRef = D42760092791CC0400E7617F /* PublicPostViewController.swift */; };
/* End PBXBuildFile section */

/* Begin PBXFileReference section */
		D4275FD0278C863700E7617F /* IGClone.app */ = {isa = PBXFileReference; explicitFileType = wrapper.application; includeInIndex = 0; path = IGClone.app; sourceTree = BUILT_PRODUCTS_DIR; };
		D4275FD3278C863700E7617F /* AppDelegate.swift */ = {isa = PBXFileReference; lastKnownFileType = sourcecode.swift; path = AppDelegate.swift; sourceTree = "<group>"; };
		D4275FD5278C863700E7617F /* SceneDelegate.swift */ = {isa = PBXFileReference; lastKnownFileType = sourcecode.swift; path = SceneDelegate.swift; sourceTree = "<group>"; };
		D4275FD7278C863700E7617F /* HomeViewController.swift */ = {isa = PBXFileReference; lastKnownFileType = sourcecode.swift; path = HomeViewController.swift; sourceTree = "<group>"; };
		D4275FDA278C863700E7617F /* Base */ = {isa = PBXFileReference; lastKnownFileType = file.storyboard; name = Base; path = Base.lproj/Main.storyboard; sourceTree = "<group>"; };
		D4275FDC278C863A00E7617F /* Assets.xcassets */ = {isa = PBXFileReference; lastKnownFileType = folder.assetcatalog; path = Assets.xcassets; sourceTree = "<group>"; };
		D4275FDF278C863A00E7617F /* Base */ = {isa = PBXFileReference; lastKnownFileType = file.storyboard; name = Base; path = Base.lproj/LaunchScreen.storyboard; sourceTree = "<group>"; };
		D4275FE1278C863A00E7617F /* Info.plist */ = {isa = PBXFileReference; lastKnownFileType = text.plist.xml; path = Info.plist; sourceTree = "<group>"; };
		D4275FED278C9C5500E7617F /* ExploreViewController.swift */ = {isa = PBXFileReference; lastKnownFileType = sourcecode.swift; path = ExploreViewController.swift; sourceTree = "<group>"; };
		D4275FEF278C9C7A00E7617F /* CameraViewController.swift */ = {isa = PBXFileReference; lastKnownFileType = sourcecode.swift; path = CameraViewController.swift; sourceTree = "<group>"; };
		D4275FF1278C9CD600E7617F /* NotificationsViewController.swift */ = {isa = PBXFileReference; lastKnownFileType = sourcecode.swift; path = NotificationsViewController.swift; sourceTree = "<group>"; };
		D4275FF3278CD9B100E7617F /* ProfileViewController.swift */ = {isa = PBXFileReference; lastKnownFileType = sourcecode.swift; path = ProfileViewController.swift; sourceTree = "<group>"; };
		D4275FF9278CDABA00E7617F /* LoginViewController.swift */ = {isa = PBXFileReference; lastKnownFileType = sourcecode.swift; path = LoginViewController.swift; sourceTree = "<group>"; };
		D4275FFB2791C78000E7617F /* PostViewController.swift */ = {isa = PBXFileReference; lastKnownFileType = sourcecode.swift; path = PostViewController.swift; sourceTree = "<group>"; };
		D4275FFD2791C7AA00E7617F /* EditProfileViewController.swift */ = {isa = PBXFileReference; lastKnownFileType = sourcecode.swift; path = EditProfileViewController.swift; sourceTree = "<group>"; };
		D4275FFF2791C7C300E7617F /* SettingsViewController.swift */ = {isa = PBXFileReference; lastKnownFileType = sourcecode.swift; path = SettingsViewController.swift; sourceTree = "<group>"; };
		D42760012791C7E900E7617F /* ListViewController.swift */ = {isa = PBXFileReference; lastKnownFileType = sourcecode.swift; path = ListViewController.swift; sourceTree = "<group>"; };
		D42760032791C80500E7617F /* SearchViewController.swift */ = {isa = PBXFileReference; lastKnownFileType = sourcecode.swift; path = SearchViewController.swift; sourceTree = "<group>"; };
		D42760052791C81F00E7617F /* SearchResultViewController.swift */ = {isa = PBXFileReference; lastKnownFileType = sourcecode.swift; path = SearchResultViewController.swift; sourceTree = "<group>"; };
		D42760072791C86D00E7617F /* PostEditorViewController.swift */ = {isa = PBXFileReference; lastKnownFileType = sourcecode.swift; path = PostEditorViewController.swift; sourceTree = "<group>"; };
		D42760092791CC0400E7617F /* PublicPostViewController.swift */ = {isa = PBXFileReference; lastKnownFileType = sourcecode.swift; path = PublicPostViewController.swift; sourceTree = "<group>"; };
		D427600B2791CF0E00E7617F /* README.md */ = {isa = PBXFileReference; lastKnownFileType = net.daringfireball.markdown; path = README.md; sourceTree = "<group>"; };
/* End PBXFileReference section */

/* Begin PBXFrameworksBuildPhase section */
		D4275FCD278C863700E7617F /* Frameworks */ = {
			isa = PBXFrameworksBuildPhase;
			buildActionMask = 2147483647;
			files = (
			);
			runOnlyForDeploymentPostprocessing = 0;
		};
/* End PBXFrameworksBuildPhase section */

/* Begin PBXGroup section */
		D4275FC7278C863700E7617F = {
			isa = PBXGroup;
			children = (
				D427600B2791CF0E00E7617F /* README.md */,
				D4275FD2278C863700E7617F /* IGClone */,
				D4275FD1278C863700E7617F /* Products */,
			);
			sourceTree = "<group>";
		};
		D4275FD1278C863700E7617F /* Products */ = {
			isa = PBXGroup;
			children = (
				D4275FD0278C863700E7617F /* IGClone.app */,
			);
			name = Products;
			sourceTree = "<group>";
		};
		D4275FD2278C863700E7617F /* IGClone */ = {
			isa = PBXGroup;
			children = (
				D4275FEC278C934900E7617F /* Products */,
				D4275FEA278C86A300E7617F /* Resources */,
				D4275FE9278C869D00E7617F /* Models */,
				D4275FE8278C869200E7617F /* Views */,
				D4275FE7278C868100E7617F /* Controllers */,
				D4275FE1278C863A00E7617F /* Info.plist */,
			);
			path = IGClone;
			sourceTree = "<group>";
		};
		D4275FE7278C868100E7617F /* Controllers */ = {
			isa = PBXGroup;
			children = (
				D4275FF7278CDA8400E7617F /* Other */,
				D4275FF6278CD9E300E7617F /* Core Tabs */,
			);
			path = Controllers;
			sourceTree = "<group>";
		};
		D4275FE8278C869200E7617F /* Views */ = {
			isa = PBXGroup;
			children = (
				D4275FDC278C863A00E7617F /* Assets.xcassets */,
				D4275FEB278C932100E7617F /* Storyboards */,
			);
			path = Views;
			sourceTree = "<group>";
		};
		D4275FE9278C869D00E7617F /* Models */ = {
			isa = PBXGroup;
			children = (
			);
			path = Models;
			sourceTree = "<group>";
		};
		D4275FEA278C86A300E7617F /* Resources */ = {
			isa = PBXGroup;
			children = (
				D4275FD3278C863700E7617F /* AppDelegate.swift */,
				D4275FD5278C863700E7617F /* SceneDelegate.swift */,
			);
			path = Resources;
			sourceTree = "<group>";
		};
		D4275FEB278C932100E7617F /* Storyboards */ = {
			isa = PBXGroup;
			children = (
				D4275FDE278C863A00E7617F /* LaunchScreen.storyboard */,
				D4275FD9278C863700E7617F /* Main.storyboard */,
			);
			path = Storyboards;
			sourceTree = "<group>";
		};
		D4275FEC278C934900E7617F /* Products */ = {
			isa = PBXGroup;
			children = (
			);
			path = Products;
			sourceTree = "<group>";
		};
		D4275FF6278CD9E300E7617F /* Core Tabs */ = {
			isa = PBXGroup;
			children = (
				D4275FD7278C863700E7617F /* HomeViewController.swift */,
				D4275FED278C9C5500E7617F /* ExploreViewController.swift */,
				D4275FEF278C9C7A00E7617F /* CameraViewController.swift */,
				D4275FF1278C9CD600E7617F /* NotificationsViewController.swift */,
				D4275FF3278CD9B100E7617F /* ProfileViewController.swift */,
			);
			path = "Core Tabs";
			sourceTree = "<group>";
		};
		D4275FF7278CDA8400E7617F /* Other */ = {
			isa = PBXGroup;
			children = (
				D4275FF8278CDA8F00E7617F /* Onboarding */,
				D4275FFB2791C78000E7617F /* PostViewController.swift */,
				D4275FFD2791C7AA00E7617F /* EditProfileViewController.swift */,
				D4275FFF2791C7C300E7617F /* SettingsViewController.swift */,
				D42760012791C7E900E7617F /* ListViewController.swift */,
				D42760032791C80500E7617F /* SearchViewController.swift */,
				D42760052791C81F00E7617F /* SearchResultViewController.swift */,
				D42760072791C86D00E7617F /* PostEditorViewController.swift */,
				D42760092791CC0400E7617F /* PublicPostViewController.swift */,
			);
			path = Other;
			sourceTree = "<group>";
		};
		D4275FF8278CDA8F00E7617F /* Onboarding */ = {
			isa = PBXGroup;
			children = (
				D4275FF9278CDABA00E7617F /* LoginViewController.swift */,
			);
			path = Onboarding;
			sourceTree = "<group>";
		};
/* End PBXGroup section */

/* Begin PBXNativeTarget section */
		D4275FCF278C863700E7617F /* IGClone */ = {
			isa = PBXNativeTarget;
			buildConfigurationList = D4275FE4278C863A00E7617F /* Build configuration list for PBXNativeTarget "IGClone" */;
			buildPhases = (
				D4275FCC278C863700E7617F /* Sources */,
				D4275FCD278C863700E7617F /* Frameworks */,
				D4275FCE278C863700E7617F /* Resources */,
			);
			buildRules = (
			);
			dependencies = (
			);
			name = IGClone;
			productName = IGClone;
			productReference = D4275FD0278C863700E7617F /* IGClone.app */;
			productType = "com.apple.product-type.application";
		};
/* End PBXNativeTarget section */

/* Begin PBXProject section */
		D4275FC8278C863700E7617F /* Project object */ = {
			isa = PBXProject;
			attributes = {
				BuildIndependentTargetsInParallel = 1;
				LastSwiftUpdateCheck = 1320;
				LastUpgradeCheck = 1320;
				TargetAttributes = {
					D4275FCF278C863700E7617F = {
						CreatedOnToolsVersion = 13.2.1;
					};
				};
			};
			buildConfigurationList = D4275FCB278C863700E7617F /* Build configuration list for PBXProject "IGClone" */;
			compatibilityVersion = "Xcode 13.0";
			developmentRegion = en;
			hasScannedForEncodings = 0;
			knownRegions = (
				en,
				Base,
			);
			mainGroup = D4275FC7278C863700E7617F;
			productRefGroup = D4275FD1278C863700E7617F /* Products */;
			projectDirPath = "";
			projectRoot = "";
			targets = (
				D4275FCF278C863700E7617F /* IGClone */,
			);
		};
/* End PBXProject section */

/* Begin PBXResourcesBuildPhase section */
		D4275FCE278C863700E7617F /* Resources */ = {
			isa = PBXResourcesBuildPhase;
			buildActionMask = 2147483647;
			files = (
				D4275FE0278C863A00E7617F /* LaunchScreen.storyboard in Resources */,
				D4275FDD278C863A00E7617F /* Assets.xcassets in Resources */,
				D4275FDB278C863700E7617F /* Main.storyboard in Resources */,
			);
			runOnlyForDeploymentPostprocessing = 0;
		};
/* End PBXResourcesBuildPhase section */

/* Begin PBXSourcesBuildPhase section */
		D4275FCC278C863700E7617F /* Sources */ = {
			isa = PBXSourcesBuildPhase;
			buildActionMask = 2147483647;
			files = (
				D4275FFC2791C78000E7617F /* PostViewController.swift in Sources */,
				D4275FEE278C9C5500E7617F /* ExploreViewController.swift in Sources */,
				D42760022791C7E900E7617F /* ListViewController.swift in Sources */,
				D42760002791C7C300E7617F /* SettingsViewController.swift in Sources */,
				D4275FD8278C863700E7617F /* HomeViewController.swift in Sources */,
				D4275FF2278C9CD600E7617F /* NotificationsViewController.swift in Sources */,
				D4275FD4278C863700E7617F /* AppDelegate.swift in Sources */,
				D4275FFA278CDABA00E7617F /* LoginViewController.swift in Sources */,
				D42760062791C81F00E7617F /* SearchResultViewController.swift in Sources */,
				D42760042791C80500E7617F /* SearchViewController.swift in Sources */,
				D4275FF4278CD9B100E7617F /* ProfileViewController.swift in Sources */,
				D42760082791C86D00E7617F /* PostEditorViewController.swift in Sources */,
				D4275FD6278C863700E7617F /* SceneDelegate.swift in Sources */,
				D427600A2791CC0400E7617F /* PublicPostViewController.swift in Sources */,
				D4275FFE2791C7AA00E7617F /* EditProfileViewController.swift in Sources */,
				D4275FF0278C9C7A00E7617F /* CameraViewController.swift in Sources */,
			);
			runOnlyForDeploymentPostprocessing = 0;
		};
/* End PBXSourcesBuildPhase section */

/* Begin PBXVariantGroup section */
		D4275FD9278C863700E7617F /* Main.storyboard */ = {
			isa = PBXVariantGroup;
			children = (
				D4275FDA278C863700E7617F /* Base */,
			);
			name = Main.storyboard;
			sourceTree = "<group>";
		};
		D4275FDE278C863A00E7617F /* LaunchScreen.storyboard */ = {
			isa = PBXVariantGroup;
			children = (
				D4275FDF278C863A00E7617F /* Base */,
			);
			name = LaunchScreen.storyboard;
			sourceTree = "<group>";
		};
/* End PBXVariantGroup section */

/* Begin XCBuildConfiguration section */
		D4275FE2278C863A00E7617F /* Debug */ = {
			isa = XCBuildConfiguration;
			buildSettings = {
				ALWAYS_SEARCH_USER_PATHS = NO;
				CLANG_ANALYZER_NONNULL = YES;
				CLANG_ANALYZER_NUMBER_OBJECT_CONVERSION = YES_AGGRESSIVE;
				CLANG_CXX_LANGUAGE_STANDARD = "gnu++17";
				CLANG_CXX_LIBRARY = "libc++";
				CLANG_ENABLE_MODULES = YES;
				CLANG_ENABLE_OBJC_ARC = YES;
				CLANG_ENABLE_OBJC_WEAK = YES;
				CLANG_WARN_BLOCK_CAPTURE_AUTORELEASING = YES;
				CLANG_WARN_BOOL_CONVERSION = YES;
				CLANG_WARN_COMMA = YES;
				CLANG_WARN_CONSTANT_CONVERSION = YES;
				CLANG_WARN_DEPRECATED_OBJC_IMPLEMENTATIONS = YES;
				CLANG_WARN_DIRECT_OBJC_ISA_USAGE = YES_ERROR;
				CLANG_WARN_DOCUMENTATION_COMMENTS = YES;
				CLANG_WARN_EMPTY_BODY = YES;
				CLANG_WARN_ENUM_CONVERSION = YES;
				CLANG_WARN_INFINITE_RECURSION = YES;
				CLANG_WARN_INT_CONVERSION = YES;
				CLANG_WARN_NON_LITERAL_NULL_CONVERSION = YES;
				CLANG_WARN_OBJC_IMPLICIT_RETAIN_SELF = YES;
				CLANG_WARN_OBJC_LITERAL_CONVERSION = YES;
				CLANG_WARN_OBJC_ROOT_CLASS = YES_ERROR;
				CLANG_WARN_QUOTED_INCLUDE_IN_FRAMEWORK_HEADER = YES;
				CLANG_WARN_RANGE_LOOP_ANALYSIS = YES;
				CLANG_WARN_STRICT_PROTOTYPES = YES;
				CLANG_WARN_SUSPICIOUS_MOVE = YES;
				CLANG_WARN_UNGUARDED_AVAILABILITY = YES_AGGRESSIVE;
				CLANG_WARN_UNREACHABLE_CODE = YES;
				CLANG_WARN__DUPLICATE_METHOD_MATCH = YES;
				COPY_PHASE_STRIP = NO;
				DEBUG_INFORMATION_FORMAT = dwarf;
				ENABLE_STRICT_OBJC_MSGSEND = YES;
				ENABLE_TESTABILITY = YES;
				GCC_C_LANGUAGE_STANDARD = gnu11;
				GCC_DYNAMIC_NO_PIC = NO;
				GCC_NO_COMMON_BLOCKS = YES;
				GCC_OPTIMIZATION_LEVEL = 0;
				GCC_PREPROCESSOR_DEFINITIONS = (
					"DEBUG=1",
					"$(inherited)",
				);
				GCC_WARN_64_TO_32_BIT_CONVERSION = YES;
				GCC_WARN_ABOUT_RETURN_TYPE = YES_ERROR;
				GCC_WARN_UNDECLARED_SELECTOR = YES;
				GCC_WARN_UNINITIALIZED_AUTOS = YES_AGGRESSIVE;
				GCC_WARN_UNUSED_FUNCTION = YES;
				GCC_WARN_UNUSED_VARIABLE = YES;
				IPHONEOS_DEPLOYMENT_TARGET = 15.2;
				MTL_ENABLE_DEBUG_INFO = INCLUDE_SOURCE;
				MTL_FAST_MATH = YES;
				ONLY_ACTIVE_ARCH = YES;
				SDKROOT = iphoneos;
				SWIFT_ACTIVE_COMPILATION_CONDITIONS = DEBUG;
				SWIFT_OPTIMIZATION_LEVEL = "-Onone";
			};
			name = Debug;
		};
		D4275FE3278C863A00E7617F /* Release */ = {
			isa = XCBuildConfiguration;
			buildSettings = {
				ALWAYS_SEARCH_USER_PATHS = NO;
				CLANG_ANALYZER_NONNULL = YES;
				CLANG_ANALYZER_NUMBER_OBJECT_CONVERSION = YES_AGGRESSIVE;
				CLANG_CXX_LANGUAGE_STANDARD = "gnu++17";
				CLANG_CXX_LIBRARY = "libc++";
				CLANG_ENABLE_MODULES = YES;
				CLANG_ENABLE_OBJC_ARC = YES;
				CLANG_ENABLE_OBJC_WEAK = YES;
				CLANG_WARN_BLOCK_CAPTURE_AUTORELEASING = YES;
				CLANG_WARN_BOOL_CONVERSION = YES;
				CLANG_WARN_COMMA = YES;
				CLANG_WARN_CONSTANT_CONVERSION = YES;
				CLANG_WARN_DEPRECATED_OBJC_IMPLEMENTATIONS = YES;
				CLANG_WARN_DIRECT_OBJC_ISA_USAGE = YES_ERROR;
				CLANG_WARN_DOCUMENTATION_COMMENTS = YES;
				CLANG_WARN_EMPTY_BODY = YES;
				CLANG_WARN_ENUM_CONVERSION = YES;
				CLANG_WARN_INFINITE_RECURSION = YES;
				CLANG_WARN_INT_CONVERSION = YES;
				CLANG_WARN_NON_LITERAL_NULL_CONVERSION = YES;
				CLANG_WARN_OBJC_IMPLICIT_RETAIN_SELF = YES;
				CLANG_WARN_OBJC_LITERAL_CONVERSION = YES;
				CLANG_WARN_OBJC_ROOT_CLASS = YES_ERROR;
				CLANG_WARN_QUOTED_INCLUDE_IN_FRAMEWORK_HEADER = YES;
				CLANG_WARN_RANGE_LOOP_ANALYSIS = YES;
				CLANG_WARN_STRICT_PROTOTYPES = YES;
				CLANG_WARN_SUSPICIOUS_MOVE = YES;
				CLANG_WARN_UNGUARDED_AVAILABILITY = YES_AGGRESSIVE;
				CLANG_WARN_UNREACHABLE_CODE = YES;
				CLANG_WARN__DUPLICATE_METHOD_MATCH = YES;
				COPY_PHASE_STRIP = NO;
				DEBUG_INFORMATION_FORMAT = "dwarf-with-dsym";
				ENABLE_NS_ASSERTIONS = NO;
				ENABLE_STRICT_OBJC_MSGSEND = YES;
				GCC_C_LANGUAGE_STANDARD = gnu11;
				GCC_NO_COMMON_BLOCKS = YES;
				GCC_WARN_64_TO_32_BIT_CONVERSION = YES;
				GCC_WARN_ABOUT_RETURN_TYPE = YES_ERROR;
				GCC_WARN_UNDECLARED_SELECTOR = YES;
				GCC_WARN_UNINITIALIZED_AUTOS = YES_AGGRESSIVE;
				GCC_WARN_UNUSED_FUNCTION = YES;
				GCC_WARN_UNUSED_VARIABLE = YES;
				IPHONEOS_DEPLOYMENT_TARGET = 15.2;
				MTL_ENABLE_DEBUG_INFO = NO;
				MTL_FAST_MATH = YES;
				SDKROOT = iphoneos;
				SWIFT_COMPILATION_MODE = wholemodule;
				SWIFT_OPTIMIZATION_LEVEL = "-O";
				VALIDATE_PRODUCT = YES;
			};
			name = Release;
		};
		D4275FE5278C863A00E7617F /* Debug */ = {
			isa = XCBuildConfiguration;
			buildSettings = {
				ASSETCATALOG_COMPILER_APPICON_NAME = AppIcon;
				ASSETCATALOG_COMPILER_GLOBAL_ACCENT_COLOR_NAME = AccentColor;
				CODE_SIGN_STYLE = Automatic;
				CURRENT_PROJECT_VERSION = 1;
				GENERATE_INFOPLIST_FILE = YES;
				INFOPLIST_FILE = IGClone/Info.plist;
				INFOPLIST_KEY_UIApplicationSupportsIndirectInputEvents = YES;
				INFOPLIST_KEY_UILaunchStoryboardName = LaunchScreen;
				INFOPLIST_KEY_UIMainStoryboardFile = Main;
				INFOPLIST_KEY_UISupportedInterfaceOrientations_iPad = "UIInterfaceOrientationPortrait UIInterfaceOrientationPortraitUpsideDown UIInterfaceOrientationLandscapeLeft UIInterfaceOrientationLandscapeRight";
				INFOPLIST_KEY_UISupportedInterfaceOrientations_iPhone = "UIInterfaceOrientationPortrait UIInterfaceOrientationLandscapeLeft UIInterfaceOrientationLandscapeRight";
				LD_RUNPATH_SEARCH_PATHS = (
					"$(inherited)",
					"@executable_path/Frameworks",
				);
				MARKETING_VERSION = 1.0;
				PRODUCT_BUNDLE_IDENTIFIER = "George-Lugo.IGClone";
				PRODUCT_NAME = "$(TARGET_NAME)";
				SWIFT_EMIT_LOC_STRINGS = YES;
				SWIFT_VERSION = 5.0;
				TARGETED_DEVICE_FAMILY = "1,2";
			};
			name = Debug;
		};
		D4275FE6278C863A00E7617F /* Release */ = {
			isa = XCBuildConfiguration;
			buildSettings = {
				ASSETCATALOG_COMPILER_APPICON_NAME = AppIcon;
				ASSETCATALOG_COMPILER_GLOBAL_ACCENT_COLOR_NAME = AccentColor;
				CODE_SIGN_STYLE = Automatic;
				CURRENT_PROJECT_VERSION = 1;
				GENERATE_INFOPLIST_FILE = YES;
				INFOPLIST_FILE = IGClone/Info.plist;
				INFOPLIST_KEY_UIApplicationSupportsIndirectInputEvents = YES;
				INFOPLIST_KEY_UILaunchStoryboardName = LaunchScreen;
				INFOPLIST_KEY_UIMainStoryboardFile = Main;
				INFOPLIST_KEY_UISupportedInterfaceOrientations_iPad = "UIInterfaceOrientationPortrait UIInterfaceOrientationPortraitUpsideDown UIInterfaceOrientationLandscapeLeft UIInterfaceOrientationLandscapeRight";
				INFOPLIST_KEY_UISupportedInterfaceOrientations_iPhone = "UIInterfaceOrientationPortrait UIInterfaceOrientationLandscapeLeft UIInterfaceOrientationLandscapeRight";
				LD_RUNPATH_SEARCH_PATHS = (
					"$(inherited)",
					"@executable_path/Frameworks",
				);
				MARKETING_VERSION = 1.0;
				PRODUCT_BUNDLE_IDENTIFIER = "George-Lugo.IGClone";
				PRODUCT_NAME = "$(TARGET_NAME)";
				SWIFT_EMIT_LOC_STRINGS = YES;
				SWIFT_VERSION = 5.0;
				TARGETED_DEVICE_FAMILY = "1,2";
			};
			name = Release;
		};
/* End XCBuildConfiguration section */

/* Begin XCConfigurationList section */
		D4275FCB278C863700E7617F /* Build configuration list for PBXProject "IGClone" */ = {
			isa = XCConfigurationList;
			buildConfigurations = (
				D4275FE2278C863A00E7617F /* Debug */,
				D4275FE3278C863A00E7617F /* Release */,
			);
			defaultConfigurationIsVisible = 0;
			defaultConfigurationName = Release;
		};
		D4275FE4278C863A00E7617F /* Build configuration list for PBXNativeTarget "IGClone" */ = {
			isa = XCConfigurationList;
			buildConfigurations = (
				D4275FE5278C863A00E7617F /* Debug */,
				D4275FE6278C863A00E7617F /* Release */,
			);
			defaultConfigurationIsVisible = 0;
			defaultConfigurationName = Release;
		};
/* End XCConfigurationList section */
	};
	rootObject = D4275FC8278C863700E7617F /* Project object */;
}
